Microsoft Visual Studio Solution File, Format Version 12.00
# Visual Studio Version 17
VisualStudioVersion = 17.5.2.0
MinimumVisualStudioVersion = 10.0.40219.1
Project("{FAE04EC0-301F-11D3-BF4B-00C04F79EFBC}") = "apac_biblioteca", "apac_biblioteca.csproj", "{1A4A1F5F-BA98-C336-F380-81D62F7EDBBC}"
EndProject
Global
	GlobalSection(SolutionConfigurationPlatforms) = preSolution
		Debug|Any CPU = Debug|Any CPU
		Release|Any CPU = Release|Any CPU
	EndGlobalSection
	GlobalSection(ProjectConfigurationPlatforms) = postSolution
		{1A4A1F5F-BA98-C336-F380-81D62F7EDBBC}.Debug|Any CPU.ActiveCfg = Debug|Any CPU
		{1A4A1F5F-BA98-C336-F380-81D62F7EDBBC}.Debug|Any CPU.Build.0 = Debug|Any CPU
		{1A4A1F5F-BA98-C336-F380-81D62F7EDBBC}.Release|Any CPU.ActiveCfg = Release|Any CPU
		{1A4A1F5F-BA98-C336-F380-81D62F7EDBBC}.Release|Any CPU.Build.0 = Release|Any CPU
	EndGlobalSection
	GlobalSection(SolutionProperties) = preSolution
		HideSolutionNode = FALSE
	EndGlobalSection
	GlobalSection(ExtensibilityGlobals) = postSolution
		SolutionGuid = {478EFDB1-53A5-49D7-8C9B-E42A8F2274DB}
	EndGlobalSection
EndGlobal
